
Microsoft Visual Studio Solution File, Format Version 12.00
# Visual Studio Version 17
VisualStudioVersion = 17.14.36408.4 d17.14
MinimumVisualStudioVersion = 10.0.40219.1
Project("{FAE04EC0-301F-11D3-BF4B-00C04F79EFBC}") = "Assignment2", "Assignment 2\Assignment2.csproj", "{E8F794A3-5C98-4975-AD5A-131A2AAE79BB}"
EndProject
Global
	GlobalSection(SolutionConfigurationPlatforms) = preSolution
		Debug|Any CPU = Debug|Any CPU
		Release|Any CPU = Release|Any CPU
	EndGlobalSection
	GlobalSection(ProjectConfigurationPlatforms) = postSolution
		{E8F794A3-5C98-4975-AD5A-131A2AAE79BB}.Debug|Any CPU.ActiveCfg = Debug|Any CPU
		{E8F794A3-5C98-4975-AD5A-131A2AAE79BB}.Debug|Any CPU.Build.0 = Debug|Any CPU
		{E8F794A3-5C98-4975-AD5A-131A2AAE79BB}.Release|Any CPU.ActiveCfg = Release|Any CPU
		{E8F794A3-5C98-4975-AD5A-131A2AAE79BB}.Release|Any CPU.Build.0 = Release|Any CPU
	EndGlobalSection
	GlobalSection(SolutionProperties) = preSolution
		HideSolutionNode = FALSE
	EndGlobalSection
	GlobalSection(ExtensibilityGlobals) = postSolution
		SolutionGuid = {C985D527-221C-48CC-B5E1-9A93F986EFDB}
	EndGlobalSection
EndGlobal
