
Microsoft Visual Studio Solution File, Format Version 12.00
# Visual Studio Version 17
VisualStudioVersion = 17.14.36408.4 d17.14
MinimumVisualStudioVersion = 10.0.40219.1
Project("{FAE04EC0-301F-11D3-BF4B-00C04F79EFBC}") = "Assignment1", "Assignment1\Assignment1.csproj", "{74D327E1-B942-4FBE-B06F-96790BEE8B9D}"
EndProject
Global
	GlobalSection(SolutionConfigurationPlatforms) = preSolution
		Debug|Any CPU = Debug|Any CPU
		Release|Any CPU = Release|Any CPU
	EndGlobalSection
	GlobalSection(ProjectConfigurationPlatforms) = postSolution
		{74D327E1-B942-4FBE-B06F-96790BEE8B9D}.Debug|Any CPU.ActiveCfg = Debug|Any CPU
		{74D327E1-B942-4FBE-B06F-96790BEE8B9D}.Debug|Any CPU.Build.0 = Debug|Any CPU
		{74D327E1-B942-4FBE-B06F-96790BEE8B9D}.Release|Any CPU.ActiveCfg = Release|Any CPU
		{74D327E1-B942-4FBE-B06F-96790BEE8B9D}.Release|Any CPU.Build.0 = Release|Any CPU
	EndGlobalSection
	GlobalSection(SolutionProperties) = preSolution
		HideSolutionNode = FALSE
	EndGlobalSection
	GlobalSection(ExtensibilityGlobals) = postSolution
		SolutionGuid = {C781CE01-63CE-43D0-9727-89D707116E8C}
	EndGlobalSection
EndGlobal
