
Microsoft Visual Studio Solution File, Format Version 12.00
# Visual Studio Version 17
VisualStudioVersion = 17.14.36408.4 d17.14
MinimumVisualStudioVersion = 10.0.40219.1
Project("{FAE04EC0-301F-11D3-BF4B-00C04F79EFBC}") = "Animation", "Animation\Animation.csproj", "{3DE9F75A-8369-419D-BDFC-A0FEA12F2DE4}"
EndProject
Global
	GlobalSection(SolutionConfigurationPlatforms) = preSolution
		Debug|Any CPU = Debug|Any CPU
		Release|Any CPU = Release|Any CPU
	EndGlobalSection
	GlobalSection(ProjectConfigurationPlatforms) = postSolution
		{3DE9F75A-8369-419D-BDFC-A0FEA12F2DE4}.Debug|Any CPU.ActiveCfg = Debug|Any CPU
		{3DE9F75A-8369-419D-BDFC-A0FEA12F2DE4}.Debug|Any CPU.Build.0 = Debug|Any CPU
		{3DE9F75A-8369-419D-BDFC-A0FEA12F2DE4}.Release|Any CPU.ActiveCfg = Release|Any CPU
		{3DE9F75A-8369-419D-BDFC-A0FEA12F2DE4}.Release|Any CPU.Build.0 = Release|Any CPU
	EndGlobalSection
	GlobalSection(SolutionProperties) = preSolution
		HideSolutionNode = FALSE
	EndGlobalSection
	GlobalSection(ExtensibilityGlobals) = postSolution
		SolutionGuid = {BBD23B11-0A70-43E5-971C-F03F6E595710}
	EndGlobalSection
EndGlobal
